
Microsoft Visual Studio Solution File, Format Version 12.00
# Visual Studio Version 16
VisualStudioVersion = 16.0.31624.102
MinimumVisualStudioVersion = 10.0.40219.1
Project("{FAE04EC0-301F-11D3-BF4B-00C04F79EFBC}") = "Calculator", "Calculator\Calculator.csproj", "{5312622F-9B41-4354-95A0-2BE85C585E71}"
EndProject
Global
	GlobalSection(SolutionConfigurationPlatforms) = preSolution
		Debug|Any CPU = Debug|Any CPU
		Release|Any CPU = Release|Any CPU
	EndGlobalSection
	GlobalSection(ProjectConfigurationPlatforms) = postSolution
		{5312622F-9B41-4354-95A0-2BE85C585E71}.Debug|Any CPU.ActiveCfg = Debug|Any CPU
		{5312622F-9B41-4354-95A0-2BE85C585E71}.Debug|Any CPU.Build.0 = Debug|Any CPU
		{5312622F-9B41-4354-95A0-2BE85C585E71}.Release|Any CPU.ActiveCfg = Release|Any CPU
		{5312622F-9B41-4354-95A0-2BE85C585E71}.Release|Any CPU.Build.0 = Release|Any CPU
	EndGlobalSection
	GlobalSection(SolutionProperties) = preSolution
		HideSolutionNode = FALSE
	EndGlobalSection
	GlobalSection(ExtensibilityGlobals) = postSolution
		SolutionGuid = {B8CF890F-DD4A-4FB0-A908-0008463C925B}
	EndGlobalSection
EndGlobal
